
Microsoft Visual Studio Solution File, Format Version 12.00
# Visual Studio Version 17
VisualStudioVersion = 17.12.35527.113
MinimumVisualStudioVersion = 10.0.40219.1
Project("{2150E333-8FDC-42A3-9474-1A3956D46DE8}") = "Services", "Services", "{F783D04B-BEFD-4907-9172-F255C628F466}"
EndProject
Project("{2150E333-8FDC-42A3-9474-1A3956D46DE8}") = "Catalog", "Catalog", "{F68AB5E6-450D-47DE-99EF-7A4582B3A4E2}"
EndProject
Project("{FAE04EC0-301F-11D3-BF4B-00C04F79EFBC}") = "Catalog.API", "Services\Catalog\Catalog.API\Catalog.API.csproj", "{A2167522-BDCA-499C-8735-25F6C1DB3E67}"
EndProject
Project("{FAE04EC0-301F-11D3-BF4B-00C04F79EFBC}") = "Catalog.Application", "Services\Catalog\Catalog.Application\Catalog.Application.csproj", "{B955E297-F62D-456E-BDCD-DDF20FA91E02}"
EndProject
Project("{FAE04EC0-301F-11D3-BF4B-00C04F79EFBC}") = "Catalog.Core", "Services\Catalog\Catalog.Core\Catalog.Core.csproj", "{6362B25E-9A39-43DC-9029-366C80B3EAD7}"
EndProject
Project("{FAE04EC0-301F-11D3-BF4B-00C04F79EFBC}") = "Catalog.Infrastructure", "Services\Catalog\Catalog.Infrastructure\Catalog.Infrastructure.csproj", "{912C16BE-51D5-496C-8E8F-5DACD3DC14D2}"
EndProject
Project("{E53339B2-1760-4266-BCC7-CA923CBCF16C}") = "docker-compose", "docker-compose.dcproj", "{5F511C40-CE87-4826-A0AE-EADE20A11D41}"
EndProject
Project("{2150E333-8FDC-42A3-9474-1A3956D46DE8}") = "Basket", "Basket", "{F41ABF79-8853-4271-9D5A-D3CA61F20E9B}"
EndProject
Project("{FAE04EC0-301F-11D3-BF4B-00C04F79EFBC}") = "Basket.API", "Services\Basket\Basket.API\Basket.API.csproj", "{AC7212F3-E9FD-488D-BC97-931737871BFC}"
EndProject
Project("{FAE04EC0-301F-11D3-BF4B-00C04F79EFBC}") = "Basket.Core", "Services\Basket\Basket.Core\Basket.Core.csproj", "{7B730525-7D29-4EE8-922E-0477BC0B96E1}"
EndProject
Project("{FAE04EC0-301F-11D3-BF4B-00C04F79EFBC}") = "Basket.Application", "Services\Basket\Basket.Application\Basket.Application.csproj", "{DF5BB6B1-B712-4EB6-873C-2B3F1D9DA14B}"
EndProject
Project("{FAE04EC0-301F-11D3-BF4B-00C04F79EFBC}") = "Basket.Infrastructure", "Services\Basket\Basket.Infrastructure\Basket.Infrastructure.csproj", "{71ABB4D3-D515-4D88-BCD3-307A45A0B202}"
EndProject
Project("{2150E333-8FDC-42A3-9474-1A3956D46DE8}") = "Discount", "Discount", "{E8AAE423-4C69-4328-B957-41B0E772CA38}"
EndProject
Project("{FAE04EC0-301F-11D3-BF4B-00C04F79EFBC}") = "Discount.API", "Services\Discount\Discount.API\Discount.API.csproj", "{0419BF60-1B97-48FE-8DA4-CA65867EEE7B}"
EndProject
Project("{FAE04EC0-301F-11D3-BF4B-00C04F79EFBC}") = "Discount.Core", "Services\Discount\Discount.Core\Discount.Core.csproj", "{1118BE1B-A8B6-42E5-9BD7-7876DD5DAB58}"
EndProject
Project("{FAE04EC0-301F-11D3-BF4B-00C04F79EFBC}") = "Discount.Application", "Services\Discount\Discount.Application\Discount.Application.csproj", "{9363F1E0-5FB8-4181-9EB5-D6092146E9CF}"
EndProject
Project("{FAE04EC0-301F-11D3-BF4B-00C04F79EFBC}") = "Discount.Infrastructure", "Services\Discount\Discount.Infrastructure\Discount.Infrastructure.csproj", "{0F3ADF2A-BCF3-44B5-997E-9004106C429D}"
EndProject
Project("{2150E333-8FDC-42A3-9474-1A3956D46DE8}") = "Ordering", "Ordering", "{59803A3C-3856-4273-87CF-7F7A34E7182A}"
EndProject
Project("{FAE04EC0-301F-11D3-BF4B-00C04F79EFBC}") = "Ordering.API", "Services\Ordering\Ordering.API\Ordering.API.csproj", "{46E4F295-19CE-4A4B-A4D4-B76B497EE4BA}"
EndProject
Project("{FAE04EC0-301F-11D3-BF4B-00C04F79EFBC}") = "Ordering.Core", "Services\Ordering\Ordering.Core\Ordering.Core.csproj", "{515D86A4-7C52-4243-8A4D-B3280175BBA0}"
EndProject
Project("{FAE04EC0-301F-11D3-BF4B-00C04F79EFBC}") = "Ordering.Application", "Services\Ordering\Ordering.Application\Ordering.Application.csproj", "{9909C7C8-DAA5-4315-B661-62A279F6AC29}"
EndProject
Project("{FAE04EC0-301F-11D3-BF4B-00C04F79EFBC}") = "Ordering.Infrastructure", "Services\Ordering\Ordering.Infrastructure\Ordering.Infrastructure.csproj", "{18CCE752-1C56-48D2-92CF-5CB0283EB79D}"
EndProject
Project("{2150E333-8FDC-42A3-9474-1A3956D46DE8}") = "Infrastructure", "Infrastructure", "{AEB6B61C-AAC7-4986-84F1-E83B2D173D04}"
EndProject
Project("{FAE04EC0-301F-11D3-BF4B-00C04F79EFBC}") = "EventBus.Messages", "Infrastructure\EventBus.Messages\EventBus.Messages.csproj", "{BF8BEEB2-8E62-493E-BE06-30A208DBFB69}"
EndProject
Project("{FAE04EC0-301F-11D3-BF4B-00C04F79EFBC}") = "Common.Logging", "Infrastructure\Common.Logging\Common.Logging.csproj", "{F39147FA-EABF-4554-AEEF-2D646FFE9970}"
EndProject
Global
	GlobalSection(SolutionConfigurationPlatforms) = preSolution
		Debug|Any CPU = Debug|Any CPU
		Release|Any CPU = Release|Any CPU
	EndGlobalSection
	GlobalSection(ProjectConfigurationPlatforms) = postSolution
		{A2167522-BDCA-499C-8735-25F6C1DB3E67}.Debug|Any CPU.ActiveCfg = Debug|Any CPU
		{A2167522-BDCA-499C-8735-25F6C1DB3E67}.Debug|Any CPU.Build.0 = Debug|Any CPU
		{A2167522-BDCA-499C-8735-25F6C1DB3E67}.Release|Any CPU.ActiveCfg = Release|Any CPU
		{A2167522-BDCA-499C-8735-25F6C1DB3E67}.Release|Any CPU.Build.0 = Release|Any CPU
		{B955E297-F62D-456E-BDCD-DDF20FA91E02}.Debug|Any CPU.ActiveCfg = Debug|Any CPU
		{B955E297-F62D-456E-BDCD-DDF20FA91E02}.Debug|Any CPU.Build.0 = Debug|Any CPU
		{B955E297-F62D-456E-BDCD-DDF20FA91E02}.Release|Any CPU.ActiveCfg = Release|Any CPU
		{B955E297-F62D-456E-BDCD-DDF20FA91E02}.Release|Any CPU.Build.0 = Release|Any CPU
		{6362B25E-9A39-43DC-9029-366C80B3EAD7}.Debug|Any CPU.ActiveCfg = Debug|Any CPU
		{6362B25E-9A39-43DC-9029-366C80B3EAD7}.Debug|Any CPU.Build.0 = Debug|Any CPU
		{6362B25E-9A39-43DC-9029-366C80B3EAD7}.Release|Any CPU.ActiveCfg = Release|Any CPU
		{6362B25E-9A39-43DC-9029-366C80B3EAD7}.Release|Any CPU.Build.0 = Release|Any CPU
		{912C16BE-51D5-496C-8E8F-5DACD3DC14D2}.Debug|Any CPU.ActiveCfg = Debug|Any CPU
		{912C16BE-51D5-496C-8E8F-5DACD3DC14D2}.Debug|Any CPU.Build.0 = Debug|Any CPU
		{912C16BE-51D5-496C-8E8F-5DACD3DC14D2}.Release|Any CPU.ActiveCfg = Release|Any CPU
		{912C16BE-51D5-496C-8E8F-5DACD3DC14D2}.Release|Any CPU.Build.0 = Release|Any CPU
		{5F511C40-CE87-4826-A0AE-EADE20A11D41}.Debug|Any CPU.ActiveCfg = Debug|Any CPU
		{5F511C40-CE87-4826-A0AE-EADE20A11D41}.Debug|Any CPU.Build.0 = Debug|Any CPU
		{5F511C40-CE87-4826-A0AE-EADE20A11D41}.Release|Any CPU.ActiveCfg = Release|Any CPU
		{5F511C40-CE87-4826-A0AE-EADE20A11D41}.Release|Any CPU.Build.0 = Release|Any CPU
		{AC7212F3-E9FD-488D-BC97-931737871BFC}.Debug|Any CPU.ActiveCfg = Debug|Any CPU
		{AC7212F3-E9FD-488D-BC97-931737871BFC}.Debug|Any CPU.Build.0 = Debug|Any CPU
		{AC7212F3-E9FD-488D-BC97-931737871BFC}.Release|Any CPU.ActiveCfg = Release|Any CPU
		{AC7212F3-E9FD-488D-BC97-931737871BFC}.Release|Any CPU.Build.0 = Release|Any CPU
		{7B730525-7D29-4EE8-922E-0477BC0B96E1}.Debug|Any CPU.ActiveCfg = Debug|Any CPU
		{7B730525-7D29-4EE8-922E-0477BC0B96E1}.Debug|Any CPU.Build.0 = Debug|Any CPU
		{7B730525-7D29-4EE8-922E-0477BC0B96E1}.Release|Any CPU.ActiveCfg = Release|Any CPU
		{7B730525-7D29-4EE8-922E-0477BC0B96E1}.Release|Any CPU.Build.0 = Release|Any CPU
		{DF5BB6B1-B712-4EB6-873C-2B3F1D9DA14B}.Debug|Any CPU.ActiveCfg = Debug|Any CPU
		{DF5BB6B1-B712-4EB6-873C-2B3F1D9DA14B}.Debug|Any CPU.Build.0 = Debug|Any CPU
		{DF5BB6B1-B712-4EB6-873C-2B3F1D9DA14B}.Release|Any CPU.ActiveCfg = Release|Any CPU
		{DF5BB6B1-B712-4EB6-873C-2B3F1D9DA14B}.Release|Any CPU.Build.0 = Release|Any CPU
		{71ABB4D3-D515-4D88-BCD3-307A45A0B202}.Debug|Any CPU.ActiveCfg = Debug|Any CPU
		{71ABB4D3-D515-4D88-BCD3-307A45A0B202}.Debug|Any CPU.Build.0 = Debug|Any CPU
		{71ABB4D3-D515-4D88-BCD3-307A45A0B202}.Release|Any CPU.ActiveCfg = Release|Any CPU
		{71ABB4D3-D515-4D88-BCD3-307A45A0B202}.Release|Any CPU.Build.0 = Release|Any CPU
		{0419BF60-1B97-48FE-8DA4-CA65867EEE7B}.Debug|Any CPU.ActiveCfg = Debug|Any CPU
		{0419BF60-1B97-48FE-8DA4-CA65867EEE7B}.Debug|Any CPU.Build.0 = Debug|Any CPU
		{0419BF60-1B97-48FE-8DA4-CA65867EEE7B}.Release|Any CPU.ActiveCfg = Release|Any CPU
		{0419BF60-1B97-48FE-8DA4-CA65867EEE7B}.Release|Any CPU.Build.0 = Release|Any CPU
		{1118BE1B-A8B6-42E5-9BD7-7876DD5DAB58}.Debug|Any CPU.ActiveCfg = Debug|Any CPU
		{1118BE1B-A8B6-42E5-9BD7-7876DD5DAB58}.Debug|Any CPU.Build.0 = Debug|Any CPU
		{1118BE1B-A8B6-42E5-9BD7-7876DD5DAB58}.Release|Any CPU.ActiveCfg = Release|Any CPU
		{1118BE1B-A8B6-42E5-9BD7-7876DD5DAB58}.Release|Any CPU.Build.0 = Release|Any CPU
		{9363F1E0-5FB8-4181-9EB5-D6092146E9CF}.Debug|Any CPU.ActiveCfg = Debug|Any CPU
		{9363F1E0-5FB8-4181-9EB5-D6092146E9CF}.Debug|Any CPU.Build.0 = Debug|Any CPU
		{9363F1E0-5FB8-4181-9EB5-D6092146E9CF}.Release|Any CPU.ActiveCfg = Release|Any CPU
		{9363F1E0-5FB8-4181-9EB5-D6092146E9CF}.Release|Any CPU.Build.0 = Release|Any CPU
		{0F3ADF2A-BCF3-44B5-997E-9004106C429D}.Debug|Any CPU.ActiveCfg = Debug|Any CPU
		{0F3ADF2A-BCF3-44B5-997E-9004106C429D}.Debug|Any CPU.Build.0 = Debug|Any CPU
		{0F3ADF2A-BCF3-44B5-997E-9004106C429D}.Release|Any CPU.ActiveCfg = Release|Any CPU
		{0F3ADF2A-BCF3-44B5-997E-9004106C429D}.Release|Any CPU.Build.0 = Release|Any CPU
		{46E4F295-19CE-4A4B-A4D4-B76B497EE4BA}.Debug|Any CPU.ActiveCfg = Debug|Any CPU
		{46E4F295-19CE-4A4B-A4D4-B76B497EE4BA}.Debug|Any CPU.Build.0 = Debug|Any CPU
		{46E4F295-19CE-4A4B-A4D4-B76B497EE4BA}.Release|Any CPU.ActiveCfg = Release|Any CPU
		{46E4F295-19CE-4A4B-A4D4-B76B497EE4BA}.Release|Any CPU.Build.0 = Release|Any CPU
		{515D86A4-7C52-4243-8A4D-B3280175BBA0}.Debug|Any CPU.ActiveCfg = Debug|Any CPU
		{515D86A4-7C52-4243-8A4D-B3280175BBA0}.Debug|Any CPU.Build.0 = Debug|Any CPU
		{515D86A4-7C52-4243-8A4D-B3280175BBA0}.Release|Any CPU.ActiveCfg = Release|Any CPU
		{515D86A4-7C52-4243-8A4D-B3280175BBA0}.Release|Any CPU.Build.0 = Release|Any CPU
		{9909C7C8-DAA5-4315-B661-62A279F6AC29}.Debug|Any CPU.ActiveCfg = Debug|Any CPU
		{9909C7C8-DAA5-4315-B661-62A279F6AC29}.Debug|Any CPU.Build.0 = Debug|Any CPU
		{9909C7C8-DAA5-4315-B661-62A279F6AC29}.Release|Any CPU.ActiveCfg = Release|Any CPU
		{9909C7C8-DAA5-4315-B661-62A279F6AC29}.Release|Any CPU.Build.0 = Release|Any CPU
		{18CCE752-1C56-48D2-92CF-5CB0283EB79D}.Debug|Any CPU.ActiveCfg = Debug|Any CPU
		{18CCE752-1C56-48D2-92CF-5CB0283EB79D}.Debug|Any CPU.Build.0 = Debug|Any CPU
		{18CCE752-1C56-48D2-92CF-5CB0283EB79D}.Release|Any CPU.ActiveCfg = Release|Any CPU
		{18CCE752-1C56-48D2-92CF-5CB0283EB79D}.Release|Any CPU.Build.0 = Release|Any CPU
		{BF8BEEB2-8E62-493E-BE06-30A208DBFB69}.Debug|Any CPU.ActiveCfg = Debug|Any CPU
		{BF8BEEB2-8E62-493E-BE06-30A208DBFB69}.Debug|Any CPU.Build.0 = Debug|Any CPU
		{BF8BEEB2-8E62-493E-BE06-30A208DBFB69}.Release|Any CPU.ActiveCfg = Release|Any CPU
		{BF8BEEB2-8E62-493E-BE06-30A208DBFB69}.Release|Any CPU.Build.0 = Release|Any CPU
		{F39147FA-EABF-4554-AEEF-2D646FFE9970}.Debug|Any CPU.ActiveCfg = Debug|Any CPU
		{F39147FA-EABF-4554-AEEF-2D646FFE9970}.Debug|Any CPU.Build.0 = Debug|Any CPU
		{F39147FA-EABF-4554-AEEF-2D646FFE9970}.Release|Any CPU.ActiveCfg = Release|Any CPU
		{F39147FA-EABF-4554-AEEF-2D646FFE9970}.Release|Any CPU.Build.0 = Release|Any CPU
	EndGlobalSection
	GlobalSection(SolutionProperties) = preSolution
		HideSolutionNode = FALSE
	EndGlobalSection
	GlobalSection(NestedProjects) = preSolution
		{F68AB5E6-450D-47DE-99EF-7A4582B3A4E2} = {F783D04B-BEFD-4907-9172-F255C628F466}
		{A2167522-BDCA-499C-8735-25F6C1DB3E67} = {F68AB5E6-450D-47DE-99EF-7A4582B3A4E2}
		{B955E297-F62D-456E-BDCD-DDF20FA91E02} = {F68AB5E6-450D-47DE-99EF-7A4582B3A4E2}
		{6362B25E-9A39-43DC-9029-366C80B3EAD7} = {F68AB5E6-450D-47DE-99EF-7A4582B3A4E2}
		{912C16BE-51D5-496C-8E8F-5DACD3DC14D2} = {F68AB5E6-450D-47DE-99EF-7A4582B3A4E2}
		{F41ABF79-8853-4271-9D5A-D3CA61F20E9B} = {F783D04B-BEFD-4907-9172-F255C628F466}
		{AC7212F3-E9FD-488D-BC97-931737871BFC} = {F41ABF79-8853-4271-9D5A-D3CA61F20E9B}
		{7B730525-7D29-4EE8-922E-0477BC0B96E1} = {F41ABF79-8853-4271-9D5A-D3CA61F20E9B}
		{DF5BB6B1-B712-4EB6-873C-2B3F1D9DA14B} = {F41ABF79-8853-4271-9D5A-D3CA61F20E9B}
		{71ABB4D3-D515-4D88-BCD3-307A45A0B202} = {F41ABF79-8853-4271-9D5A-D3CA61F20E9B}
		{E8AAE423-4C69-4328-B957-41B0E772CA38} = {F783D04B-BEFD-4907-9172-F255C628F466}
		{0419BF60-1B97-48FE-8DA4-CA65867EEE7B} = {E8AAE423-4C69-4328-B957-41B0E772CA38}
		{1118BE1B-A8B6-42E5-9BD7-7876DD5DAB58} = {E8AAE423-4C69-4328-B957-41B0E772CA38}
		{9363F1E0-5FB8-4181-9EB5-D6092146E9CF} = {E8AAE423-4C69-4328-B957-41B0E772CA38}
		{0F3ADF2A-BCF3-44B5-997E-9004106C429D} = {E8AAE423-4C69-4328-B957-41B0E772CA38}
		{59803A3C-3856-4273-87CF-7F7A34E7182A} = {F783D04B-BEFD-4907-9172-F255C628F466}
		{46E4F295-19CE-4A4B-A4D4-B76B497EE4BA} = {59803A3C-3856-4273-87CF-7F7A34E7182A}
		{515D86A4-7C52-4243-8A4D-B3280175BBA0} = {59803A3C-3856-4273-87CF-7F7A34E7182A}
		{9909C7C8-DAA5-4315-B661-62A279F6AC29} = {59803A3C-3856-4273-87CF-7F7A34E7182A}
		{18CCE752-1C56-48D2-92CF-5CB0283EB79D} = {59803A3C-3856-4273-87CF-7F7A34E7182A}
		{BF8BEEB2-8E62-493E-BE06-30A208DBFB69} = {AEB6B61C-AAC7-4986-84F1-E83B2D173D04}
		{F39147FA-EABF-4554-AEEF-2D646FFE9970} = {AEB6B61C-AAC7-4986-84F1-E83B2D173D04}
	EndGlobalSection
EndGlobal
